
Microsoft Visual Studio Solution File, Format Version 12.00
# Visual Studio Version 17
VisualStudioVersion = 17.9.34728.123
MinimumVisualStudioVersion = 10.0.40219.1
Project("{FAE04EC0-301F-11D3-BF4B-00C04F79EFBC}") = "GUI", "GUI\GUI.csproj", "{189DB0A0-0B8F-4C10-A784-AD92F20208D3}"
EndProject
Project("{FAE04EC0-301F-11D3-BF4B-00C04F79EFBC}") = "BUS", "BUS\BUS.csproj", "{8EBF97DB-57A0-41E7-9953-75F26FC51381}"
EndProject
Project("{FAE04EC0-301F-11D3-BF4B-00C04F79EFBC}") = "DAL", "DAL\DAL.csproj", "{015F3049-D7A4-45CA-8032-B8001DC51774}"
EndProject
Global
	GlobalSection(SolutionConfigurationPlatforms) = preSolution
		Debug|Any CPU = Debug|Any CPU
		Release|Any CPU = Release|Any CPU
	EndGlobalSection
	GlobalSection(ProjectConfigurationPlatforms) = postSolution
		{189DB0A0-0B8F-4C10-A784-AD92F20208D3}.Debug|Any CPU.ActiveCfg = Debug|Any CPU
		{189DB0A0-0B8F-4C10-A784-AD92F20208D3}.Debug|Any CPU.Build.0 = Debug|Any CPU
		{189DB0A0-0B8F-4C10-A784-AD92F20208D3}.Release|Any CPU.ActiveCfg = Release|Any CPU
		{189DB0A0-0B8F-4C10-A784-AD92F20208D3}.Release|Any CPU.Build.0 = Release|Any CPU
		{8EBF97DB-57A0-41E7-9953-75F26FC51381}.Debug|Any CPU.ActiveCfg = Debug|Any CPU
		{8EBF97DB-57A0-41E7-9953-75F26FC51381}.Debug|Any CPU.Build.0 = Debug|Any CPU
		{8EBF97DB-57A0-41E7-9953-75F26FC51381}.Release|Any CPU.ActiveCfg = Release|Any CPU
		{8EBF97DB-57A0-41E7-9953-75F26FC51381}.Release|Any CPU.Build.0 = Release|Any CPU
		{015F3049-D7A4-45CA-8032-B8001DC51774}.Debug|Any CPU.ActiveCfg = Debug|Any CPU
		{015F3049-D7A4-45CA-8032-B8001DC51774}.Debug|Any CPU.Build.0 = Debug|Any CPU
		{015F3049-D7A4-45CA-8032-B8001DC51774}.Release|Any CPU.ActiveCfg = Release|Any CPU
		{015F3049-D7A4-45CA-8032-B8001DC51774}.Release|Any CPU.Build.0 = Release|Any CPU
	EndGlobalSection
	GlobalSection(SolutionProperties) = preSolution
		HideSolutionNode = FALSE
	EndGlobalSection
	GlobalSection(ExtensibilityGlobals) = postSolution
		SolutionGuid = {3A052ED9-7B1D-4374-B588-72E38932E269}
	EndGlobalSection
EndGlobal
